
Microsoft Visual Studio Solution File, Format Version 12.00
# Visual Studio Version 17
VisualStudioVersion = 17.8.34525.116
MinimumVisualStudioVersion = 10.0.40219.1
Project("{FAE04EC0-301F-11D3-BF4B-00C04F79EFBC}") = "TestConsoleApp", "TestConsoleApp.csproj", "{043EEC8D-2914-4CB8-A0F7-29961E367410}"
EndProject
Global
	GlobalSection(SolutionConfigurationPlatforms) = preSolution
		Debug|Any CPU = Debug|Any CPU
		Release|Any CPU = Release|Any CPU
	EndGlobalSection
	GlobalSection(ProjectConfigurationPlatforms) = postSolution
		{043EEC8D-2914-4CB8-A0F7-29961E367410}.Debug|Any CPU.ActiveCfg = Debug|Any CPU
		{043EEC8D-2914-4CB8-A0F7-29961E367410}.Debug|Any CPU.Build.0 = Debug|Any CPU
		{043EEC8D-2914-4CB8-A0F7-29961E367410}.Release|Any CPU.ActiveCfg = Release|Any CPU
		{043EEC8D-2914-4CB8-A0F7-29961E367410}.Release|Any CPU.Build.0 = Release|Any CPU
	EndGlobalSection
	GlobalSection(SolutionProperties) = preSolution
		HideSolutionNode = FALSE
	EndGlobalSection
	GlobalSection(ExtensibilityGlobals) = postSolution
		SolutionGuid = {7C328101-BB94-41B7-B67B-273D24F0E8A2}
	EndGlobalSection
EndGlobal
